// !$*UTF8*$!
{
	archiveVersion = 1;
	classes = {
	};
	objectVersion = 56;
	objects = {

/* Begin PBXBuildFile section */
		3C5E83652BE5E61800C540A9 /* LibraryCollectionViewCell.swift in Sources */ = {isa = PBXBuildFile; fileRef = 3C5E83642BE5E61800C540A9 /* LibraryCollectionViewCell.swift */; };
		3C5E83672BE5F99700C540A9 /* DetailViewController.swift in Sources */ = {isa = PBXBuildFile; fileRef = 3C5E83662BE5F99700C540A9 /* DetailViewController.swift */; };
		3C5E83692BE60B6100C540A9 /* Model.swift in Sources */ = {isa = PBXBuildFile; fileRef = 3C5E83682BE60B6100C540A9 /* Model.swift */; };
		3C5E836B2BE6143E00C540A9 /* BookManager.swift in Sources */ = {isa = PBXBuildFile; fileRef = 3C5E836A2BE6143E00C540A9 /* BookManager.swift */; };
		3C65AC4B2BE49B0600324D36 /* AppDelegate.swift in Sources */ = {isa = PBXBuildFile; fileRef = 3C65AC4A2BE49B0600324D36 /* AppDelegate.swift */; };
		3C65AC4D2BE49B0600324D36 /* SceneDelegate.swift in Sources */ = {isa = PBXBuildFile; fileRef = 3C65AC4C2BE49B0600324D36 /* SceneDelegate.swift */; };
		3C65AC4F2BE49B0600324D36 /* MainViewController.swift in Sources */ = {isa = PBXBuildFile; fileRef = 3C65AC4E2BE49B0600324D36 /* MainViewController.swift */; };
		3C65AC522BE49B0600324D36 /* Base in Resources */ = {isa = PBXBuildFile; fileRef = 3C65AC512BE49B0600324D36 /* Base */; };
		3C65AC552BE49B0600324D36 /* YellowBooks.xcdatamodeld in Sources */ = {isa = PBXBuildFile; fileRef = 3C65AC532BE49B0600324D36 /* YellowBooks.xcdatamodeld */; };
		3C65AC572BE49B0800324D36 /* Assets.xcassets in Resources */ = {isa = PBXBuildFile; fileRef = 3C65AC562BE49B0800324D36 /* Assets.xcassets */; };
		3C65AC5A2BE49B0800324D36 /* Base in Resources */ = {isa = PBXBuildFile; fileRef = 3C65AC592BE49B0800324D36 /* Base */; };
		3C65AC632BE49EFA00324D36 /* SearchViewController.swift in Sources */ = {isa = PBXBuildFile; fileRef = 3C65AC622BE49EFA00324D36 /* SearchViewController.swift */; };
		3C65AC652BE49F4900324D36 /* LibraryViewController.swift in Sources */ = {isa = PBXBuildFile; fileRef = 3C65AC642BE49F4900324D36 /* LibraryViewController.swift */; };
		3C65AC682BE4BAEE00324D36 /* SnapKit in Frameworks */ = {isa = PBXBuildFile; productRef = 3C65AC672BE4BAEE00324D36 /* SnapKit */; };
		3C65AC6A2BE4DBFC00324D36 /* AllBookListCollectionViewCell.swift in Sources */ = {isa = PBXBuildFile; fileRef = 3C65AC692BE4DBFC00324D36 /* AllBookListCollectionViewCell.swift */; };
		3C65AC6E2BE500FE00324D36 /* ResultTableViewCell.swift in Sources */ = {isa = PBXBuildFile; fileRef = 3C65AC6D2BE500FE00324D36 /* ResultTableViewCell.swift */; };
/* End PBXBuildFile section */

/* Begin PBXFileReference section */
		3C5E83642BE5E61800C540A9 /* LibraryCollectionViewCell.swift */ = {isa = PBXFileReference; lastKnownFileType = sourcecode.swift; path = LibraryCollectionViewCell.swift; sourceTree = "<group>"; };
		3C5E83662BE5F99700C540A9 /* DetailViewController.swift */ = {isa = PBXFileReference; lastKnownFileType = sourcecode.swift; path = DetailViewController.swift; sourceTree = "<group>"; };
		3C5E83682BE60B6100C540A9 /* Model.swift */ = {isa = PBXFileReference; lastKnownFileType = sourcecode.swift; path = Model.swift; sourceTree = "<group>"; };
		3C5E836A2BE6143E00C540A9 /* BookManager.swift */ = {isa = PBXFileReference; lastKnownFileType = sourcecode.swift; path = BookManager.swift; sourceTree = "<group>"; };
		3C65AC472BE49B0600324D36 /* YellowBooks.app */ = {isa = PBXFileReference; explicitFileType = wrapper.application; includeInIndex = 0; path = YellowBooks.app; sourceTree = BUILT_PRODUCTS_DIR; };
		3C65AC4A2BE49B0600324D36 /* AppDelegate.swift */ = {isa = PBXFileReference; lastKnownFileType = sourcecode.swift; path = AppDelegate.swift; sourceTree = "<group>"; };
		3C65AC4C2BE49B0600324D36 /* SceneDelegate.swift */ = {isa = PBXFileReference; lastKnownFileType = sourcecode.swift; path = SceneDelegate.swift; sourceTree = "<group>"; };
		3C65AC4E2BE49B0600324D36 /* MainViewController.swift */ = {isa = PBXFileReference; lastKnownFileType = sourcecode.swift; path = MainViewController.swift; sourceTree = "<group>"; };
		3C65AC512BE49B0600324D36 /* Base */ = {isa = PBXFileReference; lastKnownFileType = file.storyboard; name = Base; path = Base.lproj/Main.storyboard; sourceTree = "<group>"; };
		3C65AC542BE49B0600324D36 /* YellowBooks.xcdatamodel */ = {isa = PBXFileReference; lastKnownFileType = wrapper.xcdatamodel; path = YellowBooks.xcdatamodel; sourceTree = "<group>"; };
		3C65AC562BE49B0800324D36 /* Assets.xcassets */ = {isa = PBXFileReference; lastKnownFileType = folder.assetcatalog; path = Assets.xcassets; sourceTree = "<group>"; };
		3C65AC592BE49B0800324D36 /* Base */ = {isa = PBXFileReference; lastKnownFileType = file.storyboard; name = Base; path = Base.lproj/LaunchScreen.storyboard; sourceTree = "<group>"; };
		3C65AC5B2BE49B0800324D36 /* Info.plist */ = {isa = PBXFileReference; lastKnownFileType = text.plist.xml; path = Info.plist; sourceTree = "<group>"; };
		3C65AC622BE49EFA00324D36 /* SearchViewController.swift */ = {isa = PBXFileReference; lastKnownFileType = sourcecode.swift; path = SearchViewController.swift; sourceTree = "<group>"; };
		3C65AC642BE49F4900324D36 /* LibraryViewController.swift */ = {isa = PBXFileReference; lastKnownFileType = sourcecode.swift; path = LibraryViewController.swift; sourceTree = "<group>"; };
		3C65AC692BE4DBFC00324D36 /* AllBookListCollectionViewCell.swift */ = {isa = PBXFileReference; lastKnownFileType = sourcecode.swift; path = AllBookListCollectionViewCell.swift; sourceTree = "<group>"; };
		3C65AC6D2BE500FE00324D36 /* ResultTableViewCell.swift */ = {isa = PBXFileReference; lastKnownFileType = sourcecode.swift; path = ResultTableViewCell.swift; sourceTree = "<group>"; };
/* End PBXFileReference section */

/* Begin PBXFrameworksBuildPhase section */
		3C65AC442BE49B0600324D36 /* Frameworks */ = {
			isa = PBXFrameworksBuildPhase;
			buildActionMask = 2147483647;
			files = (
				3C65AC682BE4BAEE00324D36 /* SnapKit in Frameworks */,
			);
			runOnlyForDeploymentPostprocessing = 0;
		};
/* End PBXFrameworksBuildPhase section */

/* Begin PBXGroup section */
		3C65AC3E2BE49B0600324D36 = {
			isa = PBXGroup;
			children = (
				3C65AC492BE49B0600324D36 /* YellowBooks */,
				3C65AC482BE49B0600324D36 /* Products */,
			);
			sourceTree = "<group>";
		};
		3C65AC482BE49B0600324D36 /* Products */ = {
			isa = PBXGroup;
			children = (
				3C65AC472BE49B0600324D36 /* YellowBooks.app */,
			);
			name = Products;
			sourceTree = "<group>";
		};
		3C65AC492BE49B0600324D36 /* YellowBooks */ = {
			isa = PBXGroup;
			children = (
				3C65AC5B2BE49B0800324D36 /* Info.plist */,
				3C65AC532BE49B0600324D36 /* YellowBooks.xcdatamodeld */,
				3C65AC562BE49B0800324D36 /* Assets.xcassets */,
				3C65AC4A2BE49B0600324D36 /* AppDelegate.swift */,
				3C65AC4C2BE49B0600324D36 /* SceneDelegate.swift */,
				3C5E83682BE60B6100C540A9 /* Model.swift */,
				3C5E836A2BE6143E00C540A9 /* BookManager.swift */,
				3C65AC4E2BE49B0600324D36 /* MainViewController.swift */,
				3C65AC692BE4DBFC00324D36 /* AllBookListCollectionViewCell.swift */,
				3C65AC622BE49EFA00324D36 /* SearchViewController.swift */,
				3C65AC6D2BE500FE00324D36 /* ResultTableViewCell.swift */,
				3C65AC642BE49F4900324D36 /* LibraryViewController.swift */,
				3C5E83642BE5E61800C540A9 /* LibraryCollectionViewCell.swift */,
				3C5E83662BE5F99700C540A9 /* DetailViewController.swift */,
				3C65AC502BE49B0600324D36 /* Main.storyboard */,
				3C65AC582BE49B0800324D36 /* LaunchScreen.storyboard */,
			);
			path = YellowBooks;
			sourceTree = "<group>";
		};
/* End PBXGroup section */

/* Begin PBXNativeTarget section */
		3C65AC462BE49B0600324D36 /* YellowBooks */ = {
			isa = PBXNativeTarget;
			buildConfigurationList = 3C65AC5E2BE49B0800324D36 /* Build configuration list for PBXNativeTarget "YellowBooks" */;
			buildPhases = (
				3C65AC432BE49B0600324D36 /* Sources */,
				3C65AC442BE49B0600324D36 /* Frameworks */,
				3C65AC452BE49B0600324D36 /* Resources */,
			);
			buildRules = (
			);
			dependencies = (
			);
			name = YellowBooks;
			packageProductDependencies = (
				3C65AC672BE4BAEE00324D36 /* SnapKit */,
			);
			productName = YellowBooks;
			productReference = 3C65AC472BE49B0600324D36 /* YellowBooks.app */;
			productType = "com.apple.product-type.application";
		};
/* End PBXNativeTarget section */

/* Begin PBXProject section */
		3C65AC3F2BE49B0600324D36 /* Project object */ = {
			isa = PBXProject;
			attributes = {
				BuildIndependentTargetsInParallel = 1;
				LastSwiftUpdateCheck = 1530;
				LastUpgradeCheck = 1530;
				TargetAttributes = {
					3C65AC462BE49B0600324D36 = {
						CreatedOnToolsVersion = 15.3;
					};
				};
			};
			buildConfigurationList = 3C65AC422BE49B0600324D36 /* Build configuration list for PBXProject "YellowBooks" */;
			compatibilityVersion = "Xcode 14.0";
			developmentRegion = en;
			hasScannedForEncodings = 0;
			knownRegions = (
				en,
				Base,
			);
			mainGroup = 3C65AC3E2BE49B0600324D36;
			packageReferences = (
				3C65AC662BE4BAEE00324D36 /* XCRemoteSwiftPackageReference "SnapKit" */,
			);
			productRefGroup = 3C65AC482BE49B0600324D36 /* Products */;
			projectDirPath = "";
			projectRoot = "";
			targets = (
				3C65AC462BE49B0600324D36 /* YellowBooks */,
			);
		};
/* End PBXProject section */

/* Begin PBXResourcesBuildPhase section */
		3C65AC452BE49B0600324D36 /* Resources */ = {
			isa = PBXResourcesBuildPhase;
			buildActionMask = 2147483647;
			files = (
				3C65AC572BE49B0800324D36 /* Assets.xcassets in Resources */,
				3C65AC5A2BE49B0800324D36 /* Base in Resources */,
				3C65AC522BE49B0600324D36 /* Base in Resources */,
			);
			runOnlyForDeploymentPostprocessing = 0;
		};
/* End PBXResourcesBuildPhase section */

/* Begin PBXSourcesBuildPhase section */
		3C65AC432BE49B0600324D36 /* Sources */ = {
			isa = PBXSourcesBuildPhase;
			buildActionMask = 2147483647;
			files = (
				3C65AC632BE49EFA00324D36 /* SearchViewController.swift in Sources */,
				3C5E83652BE5E61800C540A9 /* LibraryCollectionViewCell.swift in Sources */,
				3C65AC4F2BE49B0600324D36 /* MainViewController.swift in Sources */,
				3C65AC4B2BE49B0600324D36 /* AppDelegate.swift in Sources */,
				3C65AC552BE49B0600324D36 /* YellowBooks.xcdatamodeld in Sources */,
				3C65AC652BE49F4900324D36 /* LibraryViewController.swift in Sources */,
				3C5E836B2BE6143E00C540A9 /* BookManager.swift in Sources */,
				3C65AC4D2BE49B0600324D36 /* SceneDelegate.swift in Sources */,
				3C5E83672BE5F99700C540A9 /* DetailViewController.swift in Sources */,
				3C5E83692BE60B6100C540A9 /* Model.swift in Sources */,
				3C65AC6E2BE500FE00324D36 /* ResultTableViewCell.swift in Sources */,
				3C65AC6A2BE4DBFC00324D36 /* AllBookListCollectionViewCell.swift in Sources */,
			);
			runOnlyForDeploymentPostprocessing = 0;
		};
/* End PBXSourcesBuildPhase section */

/* Begin PBXVariantGroup section */
		3C65AC502BE49B0600324D36 /* Main.storyboard */ = {
			isa = PBXVariantGroup;
			children = (
				3C65AC512BE49B0600324D36 /* Base */,
			);
			name = Main.storyboard;
			sourceTree = "<group>";
		};
		3C65AC582BE49B0800324D36 /* LaunchScreen.storyboard */ = {
			isa = PBXVariantGroup;
			children = (
				3C65AC592BE49B0800324D36 /* Base */,
			);
			name = LaunchScreen.storyboard;
			sourceTree = "<group>";
		};
/* End PBXVariantGroup section */

/* Begin XCBuildConfiguration section */
		3C65AC5C2BE49B0800324D36 /* Debug */ = {
			isa = XCBuildConfiguration;
			buildSettings = {
				ALWAYS_SEARCH_USER_PATHS = NO;
				ASSETCATALOG_COMPILER_GENERATE_SWIFT_ASSET_SYMBOL_EXTENSIONS = YES;
				CLANG_ANALYZER_NONNULL = YES;
				CLANG_ANALYZER_NUMBER_OBJECT_CONVERSION = YES_AGGRESSIVE;
				CLANG_CXX_LANGUAGE_STANDARD = "gnu++20";
				CLANG_ENABLE_MODULES = YES;
				CLANG_ENABLE_OBJC_ARC = YES;
				CLANG_ENABLE_OBJC_WEAK = YES;
				CLANG_WARN_BLOCK_CAPTURE_AUTORELEASING = YES;
				CLANG_WARN_BOOL_CONVERSION = YES;
				CLANG_WARN_COMMA = YES;
				CLANG_WARN_CONSTANT_CONVERSION = YES;
				CLANG_WARN_DEPRECATED_OBJC_IMPLEMENTATIONS = YES;
				CLANG_WARN_DIRECT_OBJC_ISA_USAGE = YES_ERROR;
				CLANG_WARN_DOCUMENTATION_COMMENTS = YES;
				CLANG_WARN_EMPTY_BODY = YES;
				CLANG_WARN_ENUM_CONVERSION = YES;
				CLANG_WARN_INFINITE_RECURSION = YES;
				CLANG_WARN_INT_CONVERSION = YES;
				CLANG_WARN_NON_LITERAL_NULL_CONVERSION = YES;
				CLANG_WARN_OBJC_IMPLICIT_RETAIN_SELF = YES;
				CLANG_WARN_OBJC_LITERAL_CONVERSION = YES;
				CLANG_WARN_OBJC_ROOT_CLASS = YES_ERROR;
				CLANG_WARN_QUOTED_INCLUDE_IN_FRAMEWORK_HEADER = YES;
				CLANG_WARN_RANGE_LOOP_ANALYSIS = YES;
				CLANG_WARN_STRICT_PROTOTYPES = YES;
				CLANG_WARN_SUSPICIOUS_MOVE = YES;
				CLANG_WARN_UNGUARDED_AVAILABILITY = YES_AGGRESSIVE;
				CLANG_WARN_UNREACHABLE_CODE = YES;
				CLANG_WARN__DUPLICATE_METHOD_MATCH = YES;
				COPY_PHASE_STRIP = NO;
				DEBUG_INFORMATION_FORMAT = dwarf;
				ENABLE_STRICT_OBJC_MSGSEND = YES;
				ENABLE_TESTABILITY = YES;
				ENABLE_USER_SCRIPT_SANDBOXING = YES;
				GCC_C_LANGUAGE_STANDARD = gnu17;
				GCC_DYNAMIC_NO_PIC = NO;
				GCC_NO_COMMON_BLOCKS = YES;
				GCC_OPTIMIZATION_LEVEL = 0;
				GCC_PREPROCESSOR_DEFINITIONS = (
					"DEBUG=1",
					"$(inherited)",
				);
				GCC_WARN_64_TO_32_BIT_CONVERSION = YES;
				GCC_WARN_ABOUT_RETURN_TYPE = YES_ERROR;
				GCC_WARN_UNDECLARED_SELECTOR = YES;
				GCC_WARN_UNINITIALIZED_AUTOS = YES_AGGRESSIVE;
				GCC_WARN_UNUSED_FUNCTION = YES;
				GCC_WARN_UNUSED_VARIABLE = YES;
				IPHONEOS_DEPLOYMENT_TARGET = 17.4;
				LOCALIZATION_PREFERS_STRING_CATALOGS = YES;
				MTL_ENABLE_DEBUG_INFO = INCLUDE_SOURCE;
				MTL_FAST_MATH = YES;
				ONLY_ACTIVE_ARCH = YES;
				SDKROOT = iphoneos;
				SWIFT_ACTIVE_COMPILATION_CONDITIONS = "DEBUG $(inherited)";
				SWIFT_OPTIMIZATION_LEVEL = "-Onone";
			};
			name = Debug;
		};
		3C65AC5D2BE49B0800324D36 /* Release */ = {
			isa = XCBuildConfiguration;
			buildSettings = {
				ALWAYS_SEARCH_USER_PATHS = NO;
				ASSETCATALOG_COMPILER_GENERATE_SWIFT_ASSET_SYMBOL_EXTENSIONS = YES;
				CLANG_ANALYZER_NONNULL = YES;
				CLANG_ANALYZER_NUMBER_OBJECT_CONVERSION = YES_AGGRESSIVE;
				CLANG_CXX_LANGUAGE_STANDARD = "gnu++20";
				CLANG_ENABLE_MODULES = YES;
				CLANG_ENABLE_OBJC_ARC = YES;
				CLANG_ENABLE_OBJC_WEAK = YES;
				CLANG_WARN_BLOCK_CAPTURE_AUTORELEASING = YES;
				CLANG_WARN_BOOL_CONVERSION = YES;
				CLANG_WARN_COMMA = YES;
				CLANG_WARN_CONSTANT_CONVERSION = YES;
				CLANG_WARN_DEPRECATED_OBJC_IMPLEMENTATIONS = YES;
				CLANG_WARN_DIRECT_OBJC_ISA_USAGE = YES_ERROR;
				CLANG_WARN_DOCUMENTATION_COMMENTS = YES;
				CLANG_WARN_EMPTY_BODY = YES;
				CLANG_WARN_ENUM_CONVERSION = YES;
				CLANG_WARN_INFINITE_RECURSION = YES;
				CLANG_WARN_INT_CONVERSION = YES;
				CLANG_WARN_NON_LITERAL_NULL_CONVERSION = YES;
				CLANG_WARN_OBJC_IMPLICIT_RETAIN_SELF = YES;
				CLANG_WARN_OBJC_LITERAL_CONVERSION = YES;
				CLANG_WARN_OBJC_ROOT_CLASS = YES_ERROR;
				CLANG_WARN_QUOTED_INCLUDE_IN_FRAMEWORK_HEADER = YES;
				CLANG_WARN_RANGE_LOOP_ANALYSIS = YES;
				CLANG_WARN_STRICT_PROTOTYPES = YES;
				CLANG_WARN_SUSPICIOUS_MOVE = YES;
				CLANG_WARN_UNGUARDED_AVAILABILITY = YES_AGGRESSIVE;
				CLANG_WARN_UNREACHABLE_CODE = YES;
				CLANG_WARN__DUPLICATE_METHOD_MATCH = YES;
				COPY_PHASE_STRIP = NO;
				DEBUG_INFORMATION_FORMAT = "dwarf-with-dsym";
				ENABLE_NS_ASSERTIONS = NO;
				ENABLE_STRICT_OBJC_MSGSEND = YES;
				ENABLE_USER_SCRIPT_SANDBOXING = YES;
				GCC_C_LANGUAGE_STANDARD = gnu17;
				GCC_NO_COMMON_BLOCKS = YES;
				GCC_WARN_64_TO_32_BIT_CONVERSION = YES;
				GCC_WARN_ABOUT_RETURN_TYPE = YES_ERROR;
				GCC_WARN_UNDECLARED_SELECTOR = YES;
				GCC_WARN_UNINITIALIZED_AUTOS = YES_AGGRESSIVE;
				GCC_WARN_UNUSED_FUNCTION = YES;
				GCC_WARN_UNUSED_VARIABLE = YES;
				IPHONEOS_DEPLOYMENT_TARGET = 17.4;
				LOCALIZATION_PREFERS_STRING_CATALOGS = YES;
				MTL_ENABLE_DEBUG_INFO = NO;
				MTL_FAST_MATH = YES;
				SDKROOT = iphoneos;
				SWIFT_COMPILATION_MODE = wholemodule;
				VALIDATE_PRODUCT = YES;
			};
			name = Release;
		};
		3C65AC5F2BE49B0800324D36 /* Debug */ = {
			isa = XCBuildConfiguration;
			buildSettings = {
				ASSETCATALOG_COMPILER_APPICON_NAME = AppIcon;
				ASSETCATALOG_COMPILER_GLOBAL_ACCENT_COLOR_NAME = AccentColor;
				CODE_SIGN_STYLE = Automatic;
				CURRENT_PROJECT_VERSION = 1;
				DEVELOPMENT_TEAM = 8U9N5U33FT;
				GENERATE_INFOPLIST_FILE = YES;
				INFOPLIST_FILE = YellowBooks/Info.plist;
				INFOPLIST_KEY_UIApplicationSupportsIndirectInputEvents = YES;
				INFOPLIST_KEY_UILaunchStoryboardName = LaunchScreen;
				INFOPLIST_KEY_UIMainStoryboardFile = Main;
				INFOPLIST_KEY_UISupportedInterfaceOrientations = UIInterfaceOrientationPortrait;
				INFOPLIST_KEY_UISupportedInterfaceOrientations_iPad = "UIInterfaceOrientationLandscapeLeft UIInterfaceOrientationLandscapeRight UIInterfaceOrientationPortrait UIInterfaceOrientationPortraitUpsideDown";
				IPHONEOS_DEPLOYMENT_TARGET = 16;
				LD_RUNPATH_SEARCH_PATHS = (
					"$(inherited)",
					"@executable_path/Frameworks",
				);
				MARKETING_VERSION = 1.0;
				PRODUCT_BUNDLE_IDENTIFIER = com.HJ.YellowBooks;
				PRODUCT_NAME = "$(TARGET_NAME)";
				SUPPORTED_PLATFORMS = "iphoneos iphonesimulator";
				SUPPORTS_MACCATALYST = NO;
				SUPPORTS_MAC_DESIGNED_FOR_IPHONE_IPAD = NO;
				SUPPORTS_XR_DESIGNED_FOR_IPHONE_IPAD = NO;
				SWIFT_EMIT_LOC_STRINGS = YES;
				SWIFT_VERSION = 5.0;
				TARGETED_DEVICE_FAMILY = 1;
			};
			name = Debug;
		};
		3C65AC602BE49B0800324D36 /* Release */ = {
			isa = XCBuildConfiguration;
			buildSettings = {
				ASSETCATALOG_COMPILER_APPICON_NAME = AppIcon;
				ASSETCATALOG_COMPILER_GLOBAL_ACCENT_COLOR_NAME = AccentColor;
				CODE_SIGN_STYLE = Automatic;
				CURRENT_PROJECT_VERSION = 1;
				DEVELOPMENT_TEAM = 8U9N5U33FT;
				GENERATE_INFOPLIST_FILE = YES;
				INFOPLIST_FILE = YellowBooks/Info.plist;
				INFOPLIST_KEY_UIApplicationSupportsIndirectInputEvents = YES;
				INFOPLIST_KEY_UILaunchStoryboardName = LaunchScreen;
				INFOPLIST_KEY_UIMainStoryboardFile = Main;
				INFOPLIST_KEY_UISupportedInterfaceOrientations = UIInterfaceOrientationPortrait;
				INFOPLIST_KEY_UISupportedInterfaceOrientations_iPad = "UIInterfaceOrientationLandscapeLeft UIInterfaceOrientationLandscapeRight UIInterfaceOrientationPortrait UIInterfaceOrientationPortraitUpsideDown";
				IPHONEOS_DEPLOYMENT_TARGET = 16;
				LD_RUNPATH_SEARCH_PATHS = (
					"$(inherited)",
					"@executable_path/Frameworks",
				);
				MARKETING_VERSION = 1.0;
				PRODUCT_BUNDLE_IDENTIFIER = com.HJ.YellowBooks;
				PRODUCT_NAME = "$(TARGET_NAME)";
				SUPPORTED_PLATFORMS = "iphoneos iphonesimulator";
				SUPPORTS_MACCATALYST = NO;
				SUPPORTS_MAC_DESIGNED_FOR_IPHONE_IPAD = NO;
				SUPPORTS_XR_DESIGNED_FOR_IPHONE_IPAD = NO;
				SWIFT_EMIT_LOC_STRINGS = YES;
				SWIFT_VERSION = 5.0;
				TARGETED_DEVICE_FAMILY = 1;
			};
			name = Release;
		};
/* End XCBuildConfiguration section */

/* Begin XCConfigurationList section */
		3C65AC422BE49B0600324D36 /* Build configuration list for PBXProject "YellowBooks" */ = {
			isa = XCConfigurationList;
			buildConfigurations = (
				3C65AC5C2BE49B0800324D36 /* Debug */,
				3C65AC5D2BE49B0800324D36 /* Release */,
			);
			defaultConfigurationIsVisible = 0;
			defaultConfigurationName = Release;
		};
		3C65AC5E2BE49B0800324D36 /* Build configuration list for PBXNativeTarget "YellowBooks" */ = {
			isa = XCConfigurationList;
			buildConfigurations = (
				3C65AC5F2BE49B0800324D36 /* Debug */,
				3C65AC602BE49B0800324D36 /* Release */,
			);
			defaultConfigurationIsVisible = 0;
			defaultConfigurationName = Release;
		};
/* End XCConfigurationList section */

/* Begin XCRemoteSwiftPackageReference section */
		3C65AC662BE4BAEE00324D36 /* XCRemoteSwiftPackageReference "SnapKit" */ = {
			isa = XCRemoteSwiftPackageReference;
			repositoryURL = "https://github.com/SnapKit/SnapKit";
			requirement = {
				kind = upToNextMajorVersion;
				minimumVersion = 5.7.1;
			};
		};
/* End XCRemoteSwiftPackageReference section */

/* Begin XCSwiftPackageProductDependency section */
		3C65AC672BE4BAEE00324D36 /* SnapKit */ = {
			isa = XCSwiftPackageProductDependency;
			package = 3C65AC662BE4BAEE00324D36 /* XCRemoteSwiftPackageReference "SnapKit" */;
			productName = SnapKit;
		};
/* End XCSwiftPackageProductDependency section */

/* Begin XCVersionGroup section */
		3C65AC532BE49B0600324D36 /* YellowBooks.xcdatamodeld */ = {
			isa = XCVersionGroup;
			children = (
				3C65AC542BE49B0600324D36 /* YellowBooks.xcdatamodel */,
			);
			currentVersion = 3C65AC542BE49B0600324D36 /* YellowBooks.xcdatamodel */;
			path = YellowBooks.xcdatamodeld;
			sourceTree = "<group>";
			versionGroupType = wrapper.xcdatamodel;
		};
/* End XCVersionGroup section */
	};
	rootObject = 3C65AC3F2BE49B0600324D36 /* Project object */;
}
